
Microsoft Visual Studio Solution File, Format Version 12.00
Project("{2150E333-8FDC-42A3-9474-1A3956D46DE8}") = "src", "src", "{827E0CD3-B72D-47B6-A68D-7590B98EB39B}"
EndProject
Project("{FAE04EC0-301F-11D3-BF4B-00C04F79EFBC}") = "Idiomind.Api", "src\Idiomind.Api\Idiomind.Api.csproj", "{8073A684-DDC4-49A3-8E74-C57B55F3AE7F}"
EndProject
Project("{FAE04EC0-301F-11D3-BF4B-00C04F79EFBC}") = "Idiomind.Domain", "src\Idiomind.Domain\Idiomind.Domain.csproj", "{F3F2DBB7-BBF9-4F5D-9882-77DC846EA265}"
EndProject
Project("{FAE04EC0-301F-11D3-BF4B-00C04F79EFBC}") = "Idiomind.Application", "src\Idiomind.Application\Idiomind.Application.csproj", "{D3FFD670-8CAF-4BE1-9E12-87E809F869DB}"
EndProject
Project("{FAE04EC0-301F-11D3-BF4B-00C04F79EFBC}") = "Idiomind.Infrastructure", "src\Idiomind.Infrastructure\Idiomind.Infrastructure.csproj", "{9A594384-5943-468D-AF76-A7F527ADF9D8}"
EndProject
Global
	GlobalSection(SolutionConfigurationPlatforms) = preSolution
		Debug|Any CPU = Debug|Any CPU
		Debug|x64 = Debug|x64
		Debug|x86 = Debug|x86
		Release|Any CPU = Release|Any CPU
		Release|x64 = Release|x64
		Release|x86 = Release|x86
	EndGlobalSection
	GlobalSection(ProjectConfigurationPlatforms) = postSolution
		{8073A684-DDC4-49A3-8E74-C57B55F3AE7F}.Debug|Any CPU.ActiveCfg = Debug|Any CPU
		{8073A684-DDC4-49A3-8E74-C57B55F3AE7F}.Debug|Any CPU.Build.0 = Debug|Any CPU
		{8073A684-DDC4-49A3-8E74-C57B55F3AE7F}.Debug|x64.ActiveCfg = Debug|Any CPU
		{8073A684-DDC4-49A3-8E74-C57B55F3AE7F}.Debug|x64.Build.0 = Debug|Any CPU
		{8073A684-DDC4-49A3-8E74-C57B55F3AE7F}.Debug|x86.ActiveCfg = Debug|Any CPU
		{8073A684-DDC4-49A3-8E74-C57B55F3AE7F}.Debug|x86.Build.0 = Debug|Any CPU
		{8073A684-DDC4-49A3-8E74-C57B55F3AE7F}.Release|Any CPU.ActiveCfg = Release|Any CPU
		{8073A684-DDC4-49A3-8E74-C57B55F3AE7F}.Release|Any CPU.Build.0 = Release|Any CPU
		{8073A684-DDC4-49A3-8E74-C57B55F3AE7F}.Release|x64.ActiveCfg = Release|Any CPU
		{8073A684-DDC4-49A3-8E74-C57B55F3AE7F}.Release|x64.Build.0 = Release|Any CPU
		{8073A684-DDC4-49A3-8E74-C57B55F3AE7F}.Release|x86.ActiveCfg = Release|Any CPU
		{8073A684-DDC4-49A3-8E74-C57B55F3AE7F}.Release|x86.Build.0 = Release|Any CPU
		{F3F2DBB7-BBF9-4F5D-9882-77DC846EA265}.Debug|Any CPU.ActiveCfg = Debug|Any CPU
		{F3F2DBB7-BBF9-4F5D-9882-77DC846EA265}.Debug|Any CPU.Build.0 = Debug|Any CPU
		{F3F2DBB7-BBF9-4F5D-9882-77DC846EA265}.Debug|x64.ActiveCfg = Debug|Any CPU
		{F3F2DBB7-BBF9-4F5D-9882-77DC846EA265}.Debug|x64.Build.0 = Debug|Any CPU
		{F3F2DBB7-BBF9-4F5D-9882-77DC846EA265}.Debug|x86.ActiveCfg = Debug|Any CPU
		{F3F2DBB7-BBF9-4F5D-9882-77DC846EA265}.Debug|x86.Build.0 = Debug|Any CPU
		{F3F2DBB7-BBF9-4F5D-9882-77DC846EA265}.Release|Any CPU.ActiveCfg = Release|Any CPU
		{F3F2DBB7-BBF9-4F5D-9882-77DC846EA265}.Release|Any CPU.Build.0 = Release|Any CPU
		{F3F2DBB7-BBF9-4F5D-9882-77DC846EA265}.Release|x64.ActiveCfg = Release|Any CPU
		{F3F2DBB7-BBF9-4F5D-9882-77DC846EA265}.Release|x64.Build.0 = Release|Any CPU
		{F3F2DBB7-BBF9-4F5D-9882-77DC846EA265}.Release|x86.ActiveCfg = Release|Any CPU
		{F3F2DBB7-BBF9-4F5D-9882-77DC846EA265}.Release|x86.Build.0 = Release|Any CPU
		{D3FFD670-8CAF-4BE1-9E12-87E809F869DB}.Debug|Any CPU.ActiveCfg = Debug|Any CPU
		{D3FFD670-8CAF-4BE1-9E12-87E809F869DB}.Debug|Any CPU.Build.0 = Debug|Any CPU
		{D3FFD670-8CAF-4BE1-9E12-87E809F869DB}.Debug|x64.ActiveCfg = Debug|Any CPU
		{D3FFD670-8CAF-4BE1-9E12-87E809F869DB}.Debug|x64.Build.0 = Debug|Any CPU
		{D3FFD670-8CAF-4BE1-9E12-87E809F869DB}.Debug|x86.ActiveCfg = Debug|Any CPU
		{D3FFD670-8CAF-4BE1-9E12-87E809F869DB}.Debug|x86.Build.0 = Debug|Any CPU
		{D3FFD670-8CAF-4BE1-9E12-87E809F869DB}.Release|Any CPU.ActiveCfg = Release|Any CPU
		{D3FFD670-8CAF-4BE1-9E12-87E809F869DB}.Release|Any CPU.Build.0 = Release|Any CPU
		{D3FFD670-8CAF-4BE1-9E12-87E809F869DB}.Release|x64.ActiveCfg = Release|Any CPU
		{D3FFD670-8CAF-4BE1-9E12-87E809F869DB}.Release|x64.Build.0 = Release|Any CPU
		{D3FFD670-8CAF-4BE1-9E12-87E809F869DB}.Release|x86.ActiveCfg = Release|Any CPU
		{D3FFD670-8CAF-4BE1-9E12-87E809F869DB}.Release|x86.Build.0 = Release|Any CPU
		{9A594384-5943-468D-AF76-A7F527ADF9D8}.Debug|Any CPU.ActiveCfg = Debug|Any CPU
		{9A594384-5943-468D-AF76-A7F527ADF9D8}.Debug|Any CPU.Build.0 = Debug|Any CPU
		{9A594384-5943-468D-AF76-A7F527ADF9D8}.Debug|x64.ActiveCfg = Debug|Any CPU
		{9A594384-5943-468D-AF76-A7F527ADF9D8}.Debug|x64.Build.0 = Debug|Any CPU
		{9A594384-5943-468D-AF76-A7F527ADF9D8}.Debug|x86.ActiveCfg = Debug|Any CPU
		{9A594384-5943-468D-AF76-A7F527ADF9D8}.Debug|x86.Build.0 = Debug|Any CPU
		{9A594384-5943-468D-AF76-A7F527ADF9D8}.Release|Any CPU.ActiveCfg = Release|Any CPU
		{9A594384-5943-468D-AF76-A7F527ADF9D8}.Release|Any CPU.Build.0 = Release|Any CPU
		{9A594384-5943-468D-AF76-A7F527ADF9D8}.Release|x64.ActiveCfg = Release|Any CPU
		{9A594384-5943-468D-AF76-A7F527ADF9D8}.Release|x64.Build.0 = Release|Any CPU
		{9A594384-5943-468D-AF76-A7F527ADF9D8}.Release|x86.ActiveCfg = Release|Any CPU
		{9A594384-5943-468D-AF76-A7F527ADF9D8}.Release|x86.Build.0 = Release|Any CPU
	EndGlobalSection
	GlobalSection(SolutionProperties) = preSolution
		HideSolutionNode = FALSE
	EndGlobalSection
	GlobalSection(NestedProjects) = preSolution
		{8073A684-DDC4-49A3-8E74-C57B55F3AE7F} = {827E0CD3-B72D-47B6-A68D-7590B98EB39B}
		{F3F2DBB7-BBF9-4F5D-9882-77DC846EA265} = {827E0CD3-B72D-47B6-A68D-7590B98EB39B}
		{D3FFD670-8CAF-4BE1-9E12-87E809F869DB} = {827E0CD3-B72D-47B6-A68D-7590B98EB39B}
		{9A594384-5943-468D-AF76-A7F527ADF9D8} = {827E0CD3-B72D-47B6-A68D-7590B98EB39B}
	EndGlobalSection
EndGlobal
